
Microsoft Visual Studio Solution File, Format Version 12.00
# Visual Studio 2013
VisualStudioVersion = 12.0.31101.0
MinimumVisualStudioVersion = 10.0.40219.1
Project("{8BC9CEB8-8B4A-11D0-8D11-00A0C91BC942}") = "wxdwm", "wxdwm\wxdwm.vcxproj", "{386E4F40-44A3-4D2C-A6E1-BD3CAF6145DD}"
EndProject
Global
	GlobalSection(SolutionConfigurationPlatforms) = preSolution
		Debug|Win32 = Debug|Win32
		Release|Win32 = Release|Win32
	EndGlobalSection
	GlobalSection(ProjectConfigurationPlatforms) = postSolution
		{386E4F40-44A3-4D2C-A6E1-BD3CAF6145DD}.Debug|Win32.ActiveCfg = Debug|Win32
		{386E4F40-44A3-4D2C-A6E1-BD3CAF6145DD}.Debug|Win32.Build.0 = Debug|Win32
		{386E4F40-44A3-4D2C-A6E1-BD3CAF6145DD}.Release|Win32.ActiveCfg = Release|Win32
		{386E4F40-44A3-4D2C-A6E1-BD3CAF6145DD}.Release|Win32.Build.0 = Release|Win32
	EndGlobalSection
	GlobalSection(SolutionProperties) = preSolution
		HideSolutionNode = FALSE
	EndGlobalSection
EndGlobal
